# THIS IS AN AUTOGENERATED FILE. DO NOT EDIT THIS FILE DIRECTLY.
# yarn lockfile v1


"@discordjs/collection@^0.1.5":
  version "0.1.5"
  resolved "https://registry.yarnpkg.com/@discordjs/collection/-/collection-0.1.5.tgz#1781c620b4c88d619bd0373a1548e5a6025e3d3a"

"@discordjs/form-data@^3.0.1":
  version "3.0.1"
  resolved "https://registry.yarnpkg.com/@discordjs/form-data/-/form-data-3.0.1.tgz#5c9e6be992e2e57d0dfa0e39979a850225fb4697"
  dependencies:
    asynckit "^0.4.0"
    combined-stream "^1.0.8"
    mime-types "^2.1.12"

"@types/dotenv@^8.2.0":
  version "8.2.0"
  resolved "https://registry.yarnpkg.com/@types/dotenv/-/dotenv-8.2.0.tgz#5cd64710c3c98e82d9d15844375a33bf1b45d053"
  integrity sha512-ylSC9GhfRH7m1EUXBXofhgx4lUWmFeQDINW5oLuS+gxWdfUeW4zJdeVTYVkexEW+e2VUvlZR2kGnGGipAWR7kw==
  dependencies:
    dotenv "*"

"@types/node-cron@^2.0.3":
  version "2.0.3"
  resolved "https://registry.yarnpkg.com/@types/node-cron/-/node-cron-2.0.3.tgz#b5bb940523d265f6a36548856ec0c278ea5a35d6"
  integrity sha512-gwBBGeY2XeYBLE0R01K9Sm2hvNcPGmoloL6aqthA3QmBB1GYXTHIJ42AGZL7bdXBRiwbRV8b6NB5iKpl20R3gw==
  dependencies:
    "@types/tz-offset" "*"

"@types/node@^14.0.26":
  version "14.0.26"
  resolved "https://registry.yarnpkg.com/@types/node/-/node-14.0.26.tgz#22a3b8a46510da8944b67bfc27df02c34a35331c"
  integrity sha512-W+fpe5s91FBGE0pEa0lnqGLL4USgpLgs4nokw16SrBBco/gQxuua7KnArSEOd5iaMqbbSHV10vUDkJYJJqpXKA==

"@types/tz-offset@*":
  version "0.0.0"
  resolved "https://registry.yarnpkg.com/@types/tz-offset/-/tz-offset-0.0.0.tgz#d58f1cebd794148d245420f8f0660305d320e565"
  integrity sha512-XLD/llTSB6EBe3thkN+/I0L+yCTB6sjrcVovQdx2Cnl6N6bTzHmwe/J8mWnsXFgxLrj/emzdv8IR4evKYG2qxQ==

abort-controller@^3.0.0:
  version "3.0.0"
  resolved "https://registry.yarnpkg.com/abort-controller/-/abort-controller-3.0.0.tgz#eaf54d53b62bae4138e809ca225c8439a6efb392"
  dependencies:
    event-target-shim "^5.0.0"

asynckit@^0.4.0:
  version "0.4.0"
  resolved "https://registry.yarnpkg.com/asynckit/-/asynckit-0.4.0.tgz#c79ed97f7f34cb8f2ba1bc9790bcc366474b4b79"

combined-stream@^1.0.8:
  version "1.0.8"
  resolved "https://registry.yarnpkg.com/combined-stream/-/combined-stream-1.0.8.tgz#c3d45a8b34fd730631a110a8a2520682b31d5a7f"
  dependencies:
    delayed-stream "~1.0.0"

delayed-stream@~1.0.0:
  version "1.0.0"
  resolved "https://registry.yarnpkg.com/delayed-stream/-/delayed-stream-1.0.0.tgz#df3ae199acadfb7d440aaae0b29e2272b24ec619"

discord.js@^12.0.2:
  version "12.2.0"
  resolved "https://registry.yarnpkg.com/discord.js/-/discord.js-12.2.0.tgz#31018732e42a495c92655055192221eab2ad11a9"
  dependencies:
    "@discordjs/collection" "^0.1.5"
    "@discordjs/form-data" "^3.0.1"
    abort-controller "^3.0.0"
    node-fetch "^2.6.0"
    prism-media "^1.2.0"
    setimmediate "^1.0.5"
    tweetnacl "^1.0.3"
    ws "^7.2.1"

dotenv@*, dotenv@^8.2.0:
  version "8.2.0"
  resolved "https://registry.yarnpkg.com/dotenv/-/dotenv-8.2.0.tgz#97e619259ada750eea3e4ea3e26bceea5424b16a"

event-target-shim@^5.0.0:
  version "5.0.1"
  resolved "https://registry.yarnpkg.com/event-target-shim/-/event-target-shim-5.0.1.tgz#5d4d3ebdf9583d63a5333ce2deb7480ab2b05789"

mime-db@1.44.0:
  version "1.44.0"
  resolved "https://registry.yarnpkg.com/mime-db/-/mime-db-1.44.0.tgz#fa11c5eb0aca1334b4233cb4d52f10c5a6272f92"

mime-types@^2.1.12:
  version "2.1.27"
  resolved "https://registry.yarnpkg.com/mime-types/-/mime-types-2.1.27.tgz#47949f98e279ea53119f5722e0f34e529bec009f"
  dependencies:
    mime-db "1.44.0"

node-cron@^2.0.3:
  version "2.0.3"
  resolved "https://registry.yarnpkg.com/node-cron/-/node-cron-2.0.3.tgz#b9649784d0d6c00758410eef22fa54a10e3f602d"
  dependencies:
    opencollective-postinstall "^2.0.0"
    tz-offset "0.0.1"

node-fetch@^2.6.0:
  version "2.6.0"
  resolved "https://registry.yarnpkg.com/node-fetch/-/node-fetch-2.6.0.tgz#e633456386d4aa55863f676a7ab0daa8fdecb0fd"

opencollective-postinstall@^2.0.0:
  version "2.0.3"
  resolved "https://registry.yarnpkg.com/opencollective-postinstall/-/opencollective-postinstall-2.0.3.tgz#7a0fff978f6dbfa4d006238fbac98ed4198c3259"

prism-media@^1.2.0:
  version "1.2.2"
  resolved "https://registry.yarnpkg.com/prism-media/-/prism-media-1.2.2.tgz#4f1c841f248b67d325a24b4e6b1a491b8f50a24f"

setimmediate@^1.0.5:
  version "1.0.5"
  resolved "https://registry.yarnpkg.com/setimmediate/-/setimmediate-1.0.5.tgz#290cbb232e306942d7d7ea9b83732ab7856f8285"

tweetnacl@^1.0.3:
  version "1.0.3"
  resolved "https://registry.yarnpkg.com/tweetnacl/-/tweetnacl-1.0.3.tgz#ac0af71680458d8a6378d0d0d050ab1407d35596"

typescript@^3.9.7:
  version "3.9.7"
  resolved "https://registry.yarnpkg.com/typescript/-/typescript-3.9.7.tgz#98d600a5ebdc38f40cb277522f12dc800e9e25fa"
  integrity sha512-BLbiRkiBzAwsjut4x/dsibSTB6yWpwT5qWmC2OfuCg3GgVQCSgMs4vEctYPhsaGtd0AeuuHMkjZ2h2WG8MSzRw==

tz-offset@0.0.1:
  version "0.0.1"
  resolved "https://registry.yarnpkg.com/tz-offset/-/tz-offset-0.0.1.tgz#fef920257024d3583ed9072a767721a18bdb8a76"

ws@^7.2.1:
  version "7.3.1"
  resolved "https://registry.yarnpkg.com/ws/-/ws-7.3.1.tgz#d0547bf67f7ce4f12a72dfe31262c68d7dc551c8"
